Microsoft Visual Studio Solution File, Format Version 12.00
# Visual Studio Version 17
VisualStudioVersion = 17.5.2.0
MinimumVisualStudioVersion = 10.0.40219.1
Project("{FAE04EC0-301F-11D3-BF4B-00C04F79EFBC}") = "unBuiltAPI", "unBuiltAPI.csproj", "{22BAD98B-1AAE-5694-2C4B-94B845160B70}"
EndProject
Global
	GlobalSection(SolutionConfigurationPlatforms) = preSolution
		Debug|Any CPU = Debug|Any CPU
		Release|Any CPU = Release|Any CPU
	EndGlobalSection
	GlobalSection(ProjectConfigurationPlatforms) = postSolution
		{22BAD98B-1AAE-5694-2C4B-94B845160B70}.Debug|Any CPU.ActiveCfg = Debug|Any CPU
		{22BAD98B-1AAE-5694-2C4B-94B845160B70}.Debug|Any CPU.Build.0 = Debug|Any CPU
		{22BAD98B-1AAE-5694-2C4B-94B845160B70}.Release|Any CPU.ActiveCfg = Release|Any CPU
		{22BAD98B-1AAE-5694-2C4B-94B845160B70}.Release|Any CPU.Build.0 = Release|Any CPU
	EndGlobalSection
	GlobalSection(SolutionProperties) = preSolution
		HideSolutionNode = FALSE
	EndGlobalSection
	GlobalSection(ExtensibilityGlobals) = postSolution
		SolutionGuid = {2172996D-54FC-4EC9-A973-DAB431C801E2}
	EndGlobalSection
EndGlobal
